
Microsoft Visual Studio Solution File, Format Version 12.00
# Visual Studio 15
VisualStudioVersion = 15.0.28307.1209
MinimumVisualStudioVersion = 10.0.40219.1
Project("{888888A0-9F3D-457C-B088-3A5042F75D52}") = "EEG_freq_features", "EEG_freq_features.pyproj", "{F74D1D8E-9ECB-4037-AE15-89B53E243D7E}"
EndProject
Global
	GlobalSection(SolutionConfigurationPlatforms) = preSolution
		Debug|Any CPU = Debug|Any CPU
		Release|Any CPU = Release|Any CPU
	EndGlobalSection
	GlobalSection(ProjectConfigurationPlatforms) = postSolution
		{F74D1D8E-9ECB-4037-AE15-89B53E243D7E}.Debug|Any CPU.ActiveCfg = Debug|Any CPU
		{F74D1D8E-9ECB-4037-AE15-89B53E243D7E}.Release|Any CPU.ActiveCfg = Release|Any CPU
	EndGlobalSection
	GlobalSection(SolutionProperties) = preSolution
		HideSolutionNode = FALSE
	EndGlobalSection
	GlobalSection(ExtensibilityGlobals) = postSolution
		SolutionGuid = {A9C7E638-611E-4996-9592-09E142ED1986}
	EndGlobalSection
EndGlobal
